
Microsoft Visual Studio Solution File, Format Version 12.00
# Visual Studio Version 17
VisualStudioVersion = 17.9.34728.123
MinimumVisualStudioVersion = 10.0.40219.1
Project("{FAE04EC0-301F-11D3-BF4B-00C04F79EFBC}") = "VisualStudioAssignment", "VisualStudioAssignment\VisualStudioAssignment.csproj", "{4B871CEE-DF28-4F53-8018-110130F0E26B}"
EndProject
Global
	GlobalSection(SolutionConfigurationPlatforms) = preSolution
		Debug|Any CPU = Debug|Any CPU
		Release|Any CPU = Release|Any CPU
	EndGlobalSection
	GlobalSection(ProjectConfigurationPlatforms) = postSolution
		{4B871CEE-DF28-4F53-8018-110130F0E26B}.Debug|Any CPU.ActiveCfg = Debug|Any CPU
		{4B871CEE-DF28-4F53-8018-110130F0E26B}.Debug|Any CPU.Build.0 = Debug|Any CPU
		{4B871CEE-DF28-4F53-8018-110130F0E26B}.Release|Any CPU.ActiveCfg = Release|Any CPU
		{4B871CEE-DF28-4F53-8018-110130F0E26B}.Release|Any CPU.Build.0 = Release|Any CPU
	EndGlobalSection
	GlobalSection(SolutionProperties) = preSolution
		HideSolutionNode = FALSE
	EndGlobalSection
	GlobalSection(ExtensibilityGlobals) = postSolution
		SolutionGuid = {E4198B56-7C87-4685-8B6A-1B4621539DA4}
	EndGlobalSection
EndGlobal
